// !$*UTF8*$!
{
	archiveVersion = 1;
	classes = {
	};
	objectVersion = 110;
	objects = {

/* Begin PBXContainerItemProxy section */
		26D169F4301A76E100CE2893 /* PBXContainerItemProxy */ = {
			isa = PBXContainerItemProxy;
			containerPortal = 26D169D5301A76E000CE2893 /* Project object */;
			proxyType = 1;
			remoteGlobalIDString = 26D169DC301A76E000CE2893;
			remoteInfo = "Chatelaine-VIPER";
		};
		26D169FE301A76E100CE2893 /* PBXContainerItemProxy */ = {
			isa = PBXContainerItemProxy;
			containerPortal = 26D169D5301A76E000CE2893 /* Project object */;
			proxyType = 1;
			remoteGlobalIDString = 26D169DC301A76E000CE2893;
			remoteInfo = "Chatelaine-VIPER";
		};
/* End PBXContainerItemProxy section */

/* Begin PBXFileReference section */
		26D169DD301A76E000CE2893 /* Chatelaine-VIPER.app */ = {isa = PBXFileReference; explicitFileType = wrapper.application; includeInIndex = 0; path = "Chatelaine-VIPER.app"; sourceTree = BUILT_PRODUCTS_DIR; };
		26D169F3301A76E100CE2893 /* Chatelaine-VIPERTests.xctest */ = {isa = PBXFileReference; explicitFileType = wrapper.cfbundle; includeInIndex = 0; path = "Chatelaine-VIPERTests.xctest"; sourceTree = BUILT_PRODUCTS_DIR; };
		26D169FD301A76E100CE2893 /* Chatelaine-VIPERUITests.xctest */ = {isa = PBXFileReference; explicitFileType = wrapper.cfbundle; includeInIndex = 0; path = "Chatelaine-VIPERUITests.xctest"; sourceTree = BUILT_PRODUCTS_DIR; };
/* End PBXFileReference section */

/* Begin PBXFileSystemSynchronizedBuildFileExceptionSet section */
		26D16A03301A76E100CE2893 /* Exceptions for "Chatelaine-VIPER" folder in "Chatelaine-VIPER" target */ = {
			isa = PBXFileSystemSynchronizedBuildFileExceptionSet;
			membershipExceptions = (
				Info.plist,
			);
			target = 26D169DC301A76E000CE2893 /* Chatelaine-VIPER */;
		};
/* End PBXFileSystemSynchronizedBuildFileExceptionSet section */

/* Begin PBXFileSystemSynchronizedRootGroup section */
		26D169DF301A76E000CE2893 /* Chatelaine-VIPER */ = {
			isa = PBXFileSystemSynchronizedRootGroup;
			exceptions = (
				26D16A03301A76E100CE2893 /* Exceptions for "Chatelaine-VIPER" folder in "Chatelaine-VIPER" target */,
			);
			path = "Chatelaine-VIPER";
			sourceTree = "<group>";
		};
		26D169F6301A76E100CE2893 /* Chatelaine-VIPERTests */ = {
			isa = PBXFileSystemSynchronizedRootGroup;
			path = "Chatelaine-VIPERTests";
			sourceTree = "<group>";
		};
		26D16A00301A76E100CE2893 /* Chatelaine-VIPERUITests */ = {
			isa = PBXFileSystemSynchronizedRootGroup;
			path = "Chatelaine-VIPERUITests";
			sourceTree = "<group>";
		};
/* End PBXFileSystemSynchronizedRootGroup section */

/* Begin PBXFrameworksBuildPhase section */
		26D169DA301A76E000CE2893 /* Frameworks */ = {
			isa = PBXFrameworksBuildPhase;
			files = (
			);
		};
		26D169F0301A76E100CE2893 /* Frameworks */ = {
			isa = PBXFrameworksBuildPhase;
			files = (
			);
		};
		26D169FA301A76E100CE2893 /* Frameworks */ = {
			isa = PBXFrameworksBuildPhase;
			files = (
			);
		};
/* End PBXFrameworksBuildPhase section */

/* Begin PBXGroup section */
		26D169D4301A76E000CE2893 = {
			isa = PBXGroup;
			children = (
				26D169DF301A76E000CE2893 /* Chatelaine-VIPER */,
				26D169F6301A76E100CE2893 /* Chatelaine-VIPERTests */,
				26D16A00301A76E100CE2893 /* Chatelaine-VIPERUITests */,
				26D169DE301A76E000CE2893 /* Products */,
			);
			sourceTree = "<group>";
		};
		26D169DE301A76E000CE2893 /* Products */ = {
			isa = PBXGroup;
			children = (
				26D169DD301A76E000CE2893 /* Chatelaine-VIPER.app */,
				26D169F3301A76E100CE2893 /* Chatelaine-VIPERTests.xctest */,
				26D169FD301A76E100CE2893 /* Chatelaine-VIPERUITests.xctest */,
			);
			name = Products;
			sourceTree = "<group>";
		};
/* End PBXGroup section */

/* Begin PBXNativeTarget section */
		26D169DC301A76E000CE2893 /* Chatelaine-VIPER */ = {
			isa = PBXNativeTarget;
			buildConfigurationList = 26D16A04301A76E100CE2893 /* Build configuration list for PBXNativeTarget "Chatelaine-VIPER" */;
			buildPhases = (
				26D169D9301A76E000CE2893 /* Sources */,
				26D169DA301A76E000CE2893 /* Frameworks */,
				26D169DB301A76E000CE2893 /* Resources */,
			);
			buildRules = (
			);
			fileSystemSynchronizedGroups = (
				26D169DF301A76E000CE2893 /* Chatelaine-VIPER */,
			);
			name = "Chatelaine-VIPER";
			productName = "Chatelaine-VIPER";
			productReference = 26D169DD301A76E000CE2893 /* Chatelaine-VIPER.app */;
			productType = "com.apple.product-type.application";
		};
		26D169F2301A76E100CE2893 /* Chatelaine-VIPERTests */ = {
			isa = PBXNativeTarget;
			buildConfigurationList = 26D16A09301A76E100CE2893 /* Build configuration list for PBXNativeTarget "Chatelaine-VIPERTests" */;
			buildPhases = (
				26D169EF301A76E100CE2893 /* Sources */,
				26D169F0301A76E100CE2893 /* Frameworks */,
				26D169F1301A76E100CE2893 /* Resources */,
			);
			buildRules = (
			);
			dependencies = (
				26D169F5301A76E100CE2893 /* PBXTargetDependency */,
			);
			fileSystemSynchronizedGroups = (
				26D169F6301A76E100CE2893 /* Chatelaine-VIPERTests */,
			);
			name = "Chatelaine-VIPERTests";
			productName = "Chatelaine-VIPERTests";
			productReference = 26D169F3301A76E100CE2893 /* Chatelaine-VIPERTests.xctest */;
			productType = "com.apple.product-type.bundle.unit-test";
		};
		26D169FC301A76E100CE2893 /* Chatelaine-VIPERUITests */ = {
			isa = PBXNativeTarget;
			buildConfigurationList = 26D16A0C301A76E100CE2893 /* Build configuration list for PBXNativeTarget "Chatelaine-VIPERUITests" */;
			buildPhases = (
				26D169F9301A76E100CE2893 /* Sources */,
				26D169FA301A76E100CE2893 /* Frameworks */,
				26D169FB301A76E100CE2893 /* Resources */,
			);
			buildRules = (
			);
			dependencies = (
				26D169FF301A76E100CE2893 /* PBXTargetDependency */,
			);
			fileSystemSynchronizedGroups = (
				26D16A00301A76E100CE2893 /* Chatelaine-VIPERUITests */,
			);
			name = "Chatelaine-VIPERUITests";
			productName = "Chatelaine-VIPERUITests";
			productReference = 26D169FD301A76E100CE2893 /* Chatelaine-VIPERUITests.xctest */;
			productType = "com.apple.product-type.bundle.ui-testing";
		};
/* End PBXNativeTarget section */

/* Begin PBXProject section */
		26D169D5301A76E000CE2893 /* Project object */ = {
			isa = PBXProject;
			attributes = {
				BuildIndependentTargetsInParallel = 1;
				LastSwiftUpdateCheck = 2700;
				LastUpgradeCheck = 2700;
				TargetAttributes = {
					26D169DC301A76E000CE2893 = {
						CreatedOnToolsVersion = 27.0;
					};
					26D169F2301A76E100CE2893 = {
						CreatedOnToolsVersion = 27.0;
						TestTargetID = 26D169DC301A76E000CE2893;
					};
					26D169FC301A76E100CE2893 = {
						CreatedOnToolsVersion = 27.0;
						TestTargetID = 26D169DC301A76E000CE2893;
					};
				};
			};
			buildConfigurationList = 26D169D8301A76E000CE2893 /* Build configuration list for PBXProject "Chatelaine-VIPER" */;
			developmentRegion = en;
			hasScannedForEncodings = 0;
			knownRegions = (
				en,
				Base,
			);
			mainGroup = 26D169D4301A76E000CE2893;
			minimizedProjectReferenceProxies = 1;
			preferredProjectObjectVersion = 77;
			productRefGroup = 26D169DE301A76E000CE2893 /* Products */;
			projectDirPath = "";
			projectRoot = "";
			targets = (
				26D169DC301A76E000CE2893 /* Chatelaine-VIPER */,
				26D169F2301A76E100CE2893 /* Chatelaine-VIPERTests */,
				26D169FC301A76E100CE2893 /* Chatelaine-VIPERUITests */,
			);
		};
/* End PBXProject section */

/* Begin PBXResourcesBuildPhase section */
		26D169DB301A76E000CE2893 /* Resources */ = {
			isa = PBXResourcesBuildPhase;
			files = (
			);
		};
		26D169F1301A76E100CE2893 /* Resources */ = {
			isa = PBXResourcesBuildPhase;
			files = (
			);
		};
		26D169FB301A76E100CE2893 /* Resources */ = {
			isa = PBXResourcesBuildPhase;
			files = (
			);
		};
/* End PBXResourcesBuildPhase section */

/* Begin PBXSourcesBuildPhase section */
		26D169D9301A76E000CE2893 /* Sources */ = {
			isa = PBXSourcesBuildPhase;
			files = (
			);
		};
		26D169EF301A76E100CE2893 /* Sources */ = {
			isa = PBXSourcesBuildPhase;
			files = (
			);
		};
		26D169F9301A76E100CE2893 /* Sources */ = {
			isa = PBXSourcesBuildPhase;
			files = (
			);
		};
/* End PBXSourcesBuildPhase section */

/* Begin PBXTargetDependency section */
		26D169F5301A76E100CE2893 /* PBXTargetDependency */ = {
			isa = PBXTargetDependency;
			target = 26D169DC301A76E000CE2893 /* Chatelaine-VIPER */;
			targetProxy = 26D169F4301A76E100CE2893 /* PBXContainerItemProxy */;
		};
		26D169FF301A76E100CE2893 /* PBXTargetDependency */ = {
			isa = PBXTargetDependency;
			target = 26D169DC301A76E000CE2893 /* Chatelaine-VIPER */;
			targetProxy = 26D169FE301A76E100CE2893 /* PBXContainerItemProxy */;
		};
/* End PBXTargetDependency section */

/* Begin XCBuildConfiguration section */
		26D16A05301A76E100CE2893 /* Debug configuration for PBXNativeTarget "Chatelaine-VIPER" */ = {
			isa = XCBuildConfiguration;
			buildSettings = {
				ASSETCATALOG_COMPILER_APPICON_NAME = AppIcon;
				ASSETCATALOG_COMPILER_GLOBAL_ACCENT_COLOR_NAME = AccentColor;
				CODE_SIGN_ENTITLEMENTS = "Chatelaine-VIPER/Chatelaine-VIPER.entitlements";
				CODE_SIGN_STYLE = Automatic;
				CURRENT_PROJECT_VERSION = 1;
				DEVELOPMENT_TEAM = P92GSKWU9W;
				GENERATE_INFOPLIST_FILE = YES;
				INFOPLIST_FILE = "Chatelaine-VIPER/Info.plist";
				INFOPLIST_KEY_NSHomeKitUsageDescription = "Chatelaine keeps your rooms, accessories, and automations in one place, so it needs access to your home data to show and control them.";
				INFOPLIST_KEY_UIApplicationSupportsIndirectInputEvents = YES;
				INFOPLIST_KEY_UILaunchStoryboardName = LaunchScreen;
				INFOPLIST_KEY_UIMainStoryboardFile = Main;
				INFOPLIST_KEY_UISupportedInterfaceOrientations_iPad = "UIInterfaceOrientationPortrait UIInterfaceOrientationPortraitUpsideDown UIInterfaceOrientationLandscapeLeft UIInterfaceOrientationLandscapeRight";
				INFOPLIST_KEY_UISupportedInterfaceOrientations_iPhone = "UIInterfaceOrientationPortrait UIInterfaceOrientationLandscapeLeft UIInterfaceOrientationLandscapeRight";
				LD_RUNPATH_SEARCH_PATHS = (
					"$(inherited)",
					"@executable_path/Frameworks",
				);
				MARKETING_VERSION = 1.0;
				PRODUCT_BUNDLE_IDENTIFIER = "com.Chatelaine-VIPER";
				PRODUCT_NAME = "$(TARGET_NAME)";
				STRING_CATALOG_GENERATE_SYMBOLS = YES;
				SUPPORTED_PLATFORMS = "iphoneos iphonesimulator";
				SUPPORTS_MACCATALYST = NO;
				SUPPORTS_MAC_DESIGNED_FOR_IPHONE_IPAD = NO;
				SUPPORTS_XR_DESIGNED_FOR_IPHONE_IPAD = NO;
				SWIFT_APPROACHABLE_CONCURRENCY = YES;
				SWIFT_DEFAULT_ACTOR_ISOLATION = MainActor;
				SWIFT_EMIT_LOC_STRINGS = YES;
				SWIFT_UPCOMING_FEATURE_MEMBER_IMPORT_VISIBILITY = YES;
				SWIFT_VERSION = 6.0;
				TARGETED_DEVICE_FAMILY = "1,2";
			};
			name = Debug;
		};
		26D16A06301A76E100CE2893 /* Release configuration for PBXNativeTarget "Chatelaine-VIPER" */ = {
			isa = XCBuildConfiguration;
			buildSettings = {
				ASSETCATALOG_COMPILER_APPICON_NAME = AppIcon;
				ASSETCATALOG_COMPILER_GLOBAL_ACCENT_COLOR_NAME = AccentColor;
				CODE_SIGN_ENTITLEMENTS = "Chatelaine-VIPER/Chatelaine-VIPER.entitlements";
				CODE_SIGN_STYLE = Automatic;
				CURRENT_PROJECT_VERSION = 1;
				DEVELOPMENT_TEAM = P92GSKWU9W;
				GENERATE_INFOPLIST_FILE = YES;
				INFOPLIST_FILE = "Chatelaine-VIPER/Info.plist";
				INFOPLIST_KEY_NSHomeKitUsageDescription = "Chatelaine keeps your rooms, accessories, and automations in one place, so it needs access to your home data to show and control them.";
				INFOPLIST_KEY_UIApplicationSupportsIndirectInputEvents = YES;
				INFOPLIST_KEY_UILaunchStoryboardName = LaunchScreen;
				INFOPLIST_KEY_UIMainStoryboardFile = Main;
				INFOPLIST_KEY_UISupportedInterfaceOrientations_iPad = "UIInterfaceOrientationPortrait UIInterfaceOrientationPortraitUpsideDown UIInterfaceOrientationLandscapeLeft UIInterfaceOrientationLandscapeRight";
				INFOPLIST_KEY_UISupportedInterfaceOrientations_iPhone = "UIInterfaceOrientationPortrait UIInterfaceOrientationLandscapeLeft UIInterfaceOrientationLandscapeRight";
				LD_RUNPATH_SEARCH_PATHS = (
					"$(inherited)",
					"@executable_path/Frameworks",
				);
				MARKETING_VERSION = 1.0;
				PRODUCT_BUNDLE_IDENTIFIER = "com.Chatelaine-VIPER";
				PRODUCT_NAME = "$(TARGET_NAME)";
				STRING_CATALOG_GENERATE_SYMBOLS = YES;
				SUPPORTED_PLATFORMS = "iphoneos iphonesimulator";
				SUPPORTS_MACCATALYST = NO;
				SUPPORTS_MAC_DESIGNED_FOR_IPHONE_IPAD = NO;
				SUPPORTS_XR_DESIGNED_FOR_IPHONE_IPAD = NO;
				SWIFT_APPROACHABLE_CONCURRENCY = YES;
				SWIFT_DEFAULT_ACTOR_ISOLATION = MainActor;
				SWIFT_EMIT_LOC_STRINGS = YES;
				SWIFT_UPCOMING_FEATURE_MEMBER_IMPORT_VISIBILITY = YES;
				SWIFT_VERSION = 6.0;
				TARGETED_DEVICE_FAMILY = "1,2";
			};
			name = Release;
		};
		26D16A07301A76E100CE2893 /* Debug configuration for PBXProject "Chatelaine-VIPER" */ = {
			isa = XCBuildConfiguration;
			buildSettings = {
				ALWAYS_SEARCH_USER_PATHS = NO;
				ASSETCATALOG_COMPILER_GENERATE_SWIFT_ASSET_SYMBOL_EXTENSIONS = YES;
				CLANG_ANALYZER_NONNULL = YES;
				CLANG_ANALYZER_NUMBER_OBJECT_CONVERSION = YES_AGGRESSIVE;
				CLANG_CXX_LANGUAGE_STANDARD = "gnu++20";
				CLANG_ENABLE_MODULES = YES;
				CLANG_ENABLE_OBJC_ARC = YES;
				CLANG_ENABLE_OBJC_WEAK = YES;
				CLANG_WARN_BLOCK_CAPTURE_AUTORELEASING = YES;
				CLANG_WARN_BOOL_CONVERSION = YES;
				CLANG_WARN_COMMA = YES;
				CLANG_WARN_CONSTANT_CONVERSION = YES;
				CLANG_WARN_DEPRECATED_OBJC_IMPLEMENTATIONS = YES;
				CLANG_WARN_DIRECT_OBJC_ISA_USAGE = YES_ERROR;
				CLANG_WARN_DOCUMENTATION_COMMENTS = YES;
				CLANG_WARN_EMPTY_BODY = YES;
				CLANG_WARN_ENUM_CONVERSION = YES;
				CLANG_WARN_INFINITE_RECURSION = YES;
				CLANG_WARN_INT_CONVERSION = YES;
				CLANG_WARN_NON_LITERAL_NULL_CONVERSION = YES;
				CLANG_WARN_OBJC_IMPLICIT_RETAIN_SELF = YES;
				CLANG_WARN_OBJC_LITERAL_CONVERSION = YES;
				CLANG_WARN_OBJC_ROOT_CLASS = YES_ERROR;
				CLANG_WARN_QUOTED_INCLUDE_IN_FRAMEWORK_HEADER = YES;
				CLANG_WARN_RANGE_LOOP_ANALYSIS = YES;
				CLANG_WARN_STRICT_PROTOTYPES = YES;
				CLANG_WARN_SUSPICIOUS_MOVE = YES;
				CLANG_WARN_UNGUARDED_AVAILABILITY = YES_AGGRESSIVE;
				CLANG_WARN_UNREACHABLE_CODE = YES;
				CLANG_WARN__DUPLICATE_METHOD_MATCH = YES;
				COPY_PHASE_STRIP = NO;
				DEBUG_INFORMATION_FORMAT = dwarf;
				DEVELOPMENT_TEAM = P92GSKWU9W;
				ENABLE_STRICT_OBJC_MSGSEND = YES;
				ENABLE_TESTABILITY = YES;
				ENABLE_USER_SCRIPT_SANDBOXING = YES;
				GCC_C_LANGUAGE_STANDARD = gnu17;
				GCC_DYNAMIC_NO_PIC = NO;
				GCC_NO_COMMON_BLOCKS = YES;
				GCC_OPTIMIZATION_LEVEL = 0;
				GCC_PREPROCESSOR_DEFINITIONS = (
					"DEBUG=1",
					"$(inherited)",
				);
				GCC_WARN_64_TO_32_BIT_CONVERSION = YES;
				GCC_WARN_ABOUT_RETURN_TYPE = YES_ERROR;
				GCC_WARN_UNDECLARED_SELECTOR = YES;
				GCC_WARN_UNINITIALIZED_AUTOS = YES_AGGRESSIVE;
				GCC_WARN_UNUSED_FUNCTION = YES;
				GCC_WARN_UNUSED_VARIABLE = YES;
				IPHONEOS_DEPLOYMENT_TARGET = 27.0;
				LOCALIZATION_PREFERS_STRING_CATALOGS = YES;
				MTL_ENABLE_DEBUG_INFO = INCLUDE_SOURCE;
				MTL_FAST_MATH = YES;
				ONLY_ACTIVE_ARCH = YES;
				SDKROOT = iphoneos;
				SWIFT_ACTIVE_COMPILATION_CONDITIONS = "DEBUG $(inherited)";
				SWIFT_OPTIMIZATION_LEVEL = "-Onone";
				SWIFT_VERSION = 6.0;
			};
			name = Debug;
		};
		26D16A08301A76E100CE2893 /* Release configuration for PBXProject "Chatelaine-VIPER" */ = {
			isa = XCBuildConfiguration;
			buildSettings = {
				ALWAYS_SEARCH_USER_PATHS = NO;
				ASSETCATALOG_COMPILER_GENERATE_SWIFT_ASSET_SYMBOL_EXTENSIONS = YES;
				CLANG_ANALYZER_NONNULL = YES;
				CLANG_ANALYZER_NUMBER_OBJECT_CONVERSION = YES_AGGRESSIVE;
				CLANG_CXX_LANGUAGE_STANDARD = "gnu++20";
				CLANG_ENABLE_MODULES = YES;
				CLANG_ENABLE_OBJC_ARC = YES;
				CLANG_ENABLE_OBJC_WEAK = YES;
				CLANG_WARN_BLOCK_CAPTURE_AUTORELEASING = YES;
				CLANG_WARN_BOOL_CONVERSION = YES;
				CLANG_WARN_COMMA = YES;
				CLANG_WARN_CONSTANT_CONVERSION = YES;
				CLANG_WARN_DEPRECATED_OBJC_IMPLEMENTATIONS = YES;
				CLANG_WARN_DIRECT_OBJC_ISA_USAGE = YES_ERROR;
				CLANG_WARN_DOCUMENTATION_COMMENTS = YES;
				CLANG_WARN_EMPTY_BODY = YES;
				CLANG_WARN_ENUM_CONVERSION = YES;
				CLANG_WARN_INFINITE_RECURSION = YES;
				CLANG_WARN_INT_CONVERSION = YES;
				CLANG_WARN_NON_LITERAL_NULL_CONVERSION = YES;
				CLANG_WARN_OBJC_IMPLICIT_RETAIN_SELF = YES;
				CLANG_WARN_OBJC_LITERAL_CONVERSION = YES;
				CLANG_WARN_OBJC_ROOT_CLASS = YES_ERROR;
				CLANG_WARN_QUOTED_INCLUDE_IN_FRAMEWORK_HEADER = YES;
				CLANG_WARN_RANGE_LOOP_ANALYSIS = YES;
				CLANG_WARN_STRICT_PROTOTYPES = YES;
				CLANG_WARN_SUSPICIOUS_MOVE = YES;
				CLANG_WARN_UNGUARDED_AVAILABILITY = YES_AGGRESSIVE;
				CLANG_WARN_UNREACHABLE_CODE = YES;
				CLANG_WARN__DUPLICATE_METHOD_MATCH = YES;
				COPY_PHASE_STRIP = NO;
				DEBUG_INFORMATION_FORMAT = "dwarf-with-dsym";
				DEVELOPMENT_TEAM = P92GSKWU9W;
				ENABLE_NS_ASSERTIONS = NO;
				ENABLE_STRICT_OBJC_MSGSEND = YES;
				ENABLE_USER_SCRIPT_SANDBOXING = YES;
				GCC_C_LANGUAGE_STANDARD = gnu17;
				GCC_NO_COMMON_BLOCKS = YES;
				GCC_WARN_64_TO_32_BIT_CONVERSION = YES;
				GCC_WARN_ABOUT_RETURN_TYPE = YES_ERROR;
				GCC_WARN_UNDECLARED_SELECTOR = YES;
				GCC_WARN_UNINITIALIZED_AUTOS = YES_AGGRESSIVE;
				GCC_WARN_UNUSED_FUNCTION = YES;
				GCC_WARN_UNUSED_VARIABLE = YES;
				IPHONEOS_DEPLOYMENT_TARGET = 27.0;
				LOCALIZATION_PREFERS_STRING_CATALOGS = YES;
				MTL_ENABLE_DEBUG_INFO = NO;
				MTL_FAST_MATH = YES;
				SDKROOT = iphoneos;
				SWIFT_COMPILATION_MODE = wholemodule;
				SWIFT_VERSION = 6.0;
				VALIDATE_PRODUCT = YES;
			};
			name = Release;
		};
		26D16A0A301A76E100CE2893 /* Debug configuration for PBXNativeTarget "Chatelaine-VIPERTests" */ = {
			isa = XCBuildConfiguration;
			buildSettings = {
				BUNDLE_LOADER = "$(TEST_HOST)";
				CODE_SIGN_STYLE = Automatic;
				CURRENT_PROJECT_VERSION = 1;
				DEVELOPMENT_TEAM = P92GSKWU9W;
				GENERATE_INFOPLIST_FILE = YES;
				IPHONEOS_DEPLOYMENT_TARGET = 27.0;
				MARKETING_VERSION = 1.0;
				PRODUCT_BUNDLE_IDENTIFIER = "com.Chatelaine-VIPERTests";
				PRODUCT_NAME = "$(TARGET_NAME)";
				STRING_CATALOG_GENERATE_SYMBOLS = NO;
				SWIFT_APPROACHABLE_CONCURRENCY = YES;
				SWIFT_EMIT_LOC_STRINGS = NO;
				SWIFT_UPCOMING_FEATURE_MEMBER_IMPORT_VISIBILITY = YES;
				SWIFT_VERSION = 6.0;
				TARGETED_DEVICE_FAMILY = "1,2";
				TEST_HOST = "$(BUILT_PRODUCTS_DIR)/Chatelaine-VIPER.app/$(BUNDLE_EXECUTABLE_FOLDER_PATH)/Chatelaine-VIPER";
			};
			name = Debug;
		};
		26D16A0B301A76E100CE2893 /* Release configuration for PBXNativeTarget "Chatelaine-VIPERTests" */ = {
			isa = XCBuildConfiguration;
			buildSettings = {
				BUNDLE_LOADER = "$(TEST_HOST)";
				CODE_SIGN_STYLE = Automatic;
				CURRENT_PROJECT_VERSION = 1;
				DEVELOPMENT_TEAM = P92GSKWU9W;
				GENERATE_INFOPLIST_FILE = YES;
				IPHONEOS_DEPLOYMENT_TARGET = 27.0;
				MARKETING_VERSION = 1.0;
				PRODUCT_BUNDLE_IDENTIFIER = "com.Chatelaine-VIPERTests";
				PRODUCT_NAME = "$(TARGET_NAME)";
				STRING_CATALOG_GENERATE_SYMBOLS = NO;
				SWIFT_APPROACHABLE_CONCURRENCY = YES;
				SWIFT_EMIT_LOC_STRINGS = NO;
				SWIFT_UPCOMING_FEATURE_MEMBER_IMPORT_VISIBILITY = YES;
				SWIFT_VERSION = 6.0;
				TARGETED_DEVICE_FAMILY = "1,2";
				TEST_HOST = "$(BUILT_PRODUCTS_DIR)/Chatelaine-VIPER.app/$(BUNDLE_EXECUTABLE_FOLDER_PATH)/Chatelaine-VIPER";
			};
			name = Release;
		};
		26D16A0D301A76E100CE2893 /* Debug configuration for PBXNativeTarget "Chatelaine-VIPERUITests" */ = {
			isa = XCBuildConfiguration;
			buildSettings = {
				CODE_SIGN_STYLE = Automatic;
				CURRENT_PROJECT_VERSION = 1;
				DEVELOPMENT_TEAM = P92GSKWU9W;
				GENERATE_INFOPLIST_FILE = YES;
				MARKETING_VERSION = 1.0;
				PRODUCT_BUNDLE_IDENTIFIER = "com.Chatelaine-VIPERUITests";
				PRODUCT_NAME = "$(TARGET_NAME)";
				STRING_CATALOG_GENERATE_SYMBOLS = NO;
				SWIFT_APPROACHABLE_CONCURRENCY = YES;
				SWIFT_EMIT_LOC_STRINGS = NO;
				SWIFT_UPCOMING_FEATURE_MEMBER_IMPORT_VISIBILITY = YES;
				SWIFT_VERSION = 6.0;
				TARGETED_DEVICE_FAMILY = "1,2";
				TEST_TARGET_NAME = "Chatelaine-VIPER";
			};
			name = Debug;
		};
		26D16A0E301A76E100CE2893 /* Release configuration for PBXNativeTarget "Chatelaine-VIPERUITests" */ = {
			isa = XCBuildConfiguration;
			buildSettings = {
				CODE_SIGN_STYLE = Automatic;
				CURRENT_PROJECT_VERSION = 1;
				DEVELOPMENT_TEAM = P92GSKWU9W;
				GENERATE_INFOPLIST_FILE = YES;
				MARKETING_VERSION = 1.0;
				PRODUCT_BUNDLE_IDENTIFIER = "com.Chatelaine-VIPERUITests";
				PRODUCT_NAME = "$(TARGET_NAME)";
				STRING_CATALOG_GENERATE_SYMBOLS = NO;
				SWIFT_APPROACHABLE_CONCURRENCY = YES;
				SWIFT_EMIT_LOC_STRINGS = NO;
				SWIFT_UPCOMING_FEATURE_MEMBER_IMPORT_VISIBILITY = YES;
				SWIFT_VERSION = 6.0;
				TARGETED_DEVICE_FAMILY = "1,2";
				TEST_TARGET_NAME = "Chatelaine-VIPER";
			};
			name = Release;
		};
/* End XCBuildConfiguration section */

/* Begin XCConfigurationList section */
		26D169D8301A76E000CE2893 /* Build configuration list for PBXProject "Chatelaine-VIPER" */ = {
			isa = XCConfigurationList;
			buildConfigurations = (
				26D16A07301A76E100CE2893 /* Debug configuration for PBXProject "Chatelaine-VIPER" */,
				26D16A08301A76E100CE2893 /* Release configuration for PBXProject "Chatelaine-VIPER" */,
			);
			defaultConfigurationName = Release;
		};
		26D16A04301A76E100CE2893 /* Build configuration list for PBXNativeTarget "Chatelaine-VIPER" */ = {
			isa = XCConfigurationList;
			buildConfigurations = (
				26D16A05301A76E100CE2893 /* Debug configuration for PBXNativeTarget "Chatelaine-VIPER" */,
				26D16A06301A76E100CE2893 /* Release configuration for PBXNativeTarget "Chatelaine-VIPER" */,
			);
			defaultConfigurationName = Release;
		};
		26D16A09301A76E100CE2893 /* Build configuration list for PBXNativeTarget "Chatelaine-VIPERTests" */ = {
			isa = XCConfigurationList;
			buildConfigurations = (
				26D16A0A301A76E100CE2893 /* Debug configuration for PBXNativeTarget "Chatelaine-VIPERTests" */,
				26D16A0B301A76E100CE2893 /* Release configuration for PBXNativeTarget "Chatelaine-VIPERTests" */,
			);
			defaultConfigurationName = Release;
		};
		26D16A0C301A76E100CE2893 /* Build configuration list for PBXNativeTarget "Chatelaine-VIPERUITests" */ = {
			isa = XCConfigurationList;
			buildConfigurations = (
				26D16A0D301A76E100CE2893 /* Debug configuration for PBXNativeTarget "Chatelaine-VIPERUITests" */,
				26D16A0E301A76E100CE2893 /* Release configuration for PBXNativeTarget "Chatelaine-VIPERUITests" */,
			);
			defaultConfigurationName = Release;
		};
/* End XCConfigurationList section */
	};
	rootObject = 26D169D5301A76E000CE2893 /* Project object */;
	validationLevel = 1;
}
