// !$*UTF8*$!
{
	archiveVersion = 1;
	classes = {
	};
	objectVersion = 77;
	objects = {

/* Begin PBXBuildFile section */
		CA7643039FCF5BBC8242714E /* Foundation.framework in Frameworks */ = {isa = PBXBuildFile; fileRef = E76EF34AF42FCED5C49397D7 /* Foundation.framework */; };
/* End PBXBuildFile section */

/* Begin PBXContainerItemProxy section */
		26D6736430091E88004D20EF /* PBXContainerItemProxy */ = {
			isa = PBXContainerItemProxy;
			containerPortal = 26D6734430091E87004D20EF /* Project object */;
			proxyType = 1;
			remoteGlobalIDString = 26D6734B30091E87004D20EF;
			remoteInfo = "StoneMill-MVVMC";
		};
		4B49B8007F2A79D01B185D27 /* PBXContainerItemProxy */ = {
			isa = PBXContainerItemProxy;
			containerPortal = 26D6734430091E87004D20EF /* Project object */;
			proxyType = 1;
			remoteGlobalIDString = 26D6734B30091E87004D20EF;
			remoteInfo = "StoneMill-MVVMC";
		};
/* End PBXContainerItemProxy section */

/* Begin PBXFileReference section */
		26D6734C30091E87004D20EF /* StoneMill-MVVMC.app */ = {isa = PBXFileReference; explicitFileType = wrapper.application; includeInIndex = 0; path = "StoneMill-MVVMC.app"; sourceTree = BUILT_PRODUCTS_DIR; };
		26D6736330091E88004D20EF /* StoneMill-MVVMCTests.xctest */ = {isa = PBXFileReference; explicitFileType = wrapper.cfbundle; includeInIndex = 0; path = "StoneMill-MVVMCTests.xctest"; sourceTree = BUILT_PRODUCTS_DIR; };
		8432252E361718112BC18BD6 /* StoneMill-MVVMCUITests.xctest */ = {isa = PBXFileReference; explicitFileType = wrapper.cfbundle; includeInIndex = 0; path = "StoneMill-MVVMCUITests.xctest"; sourceTree = BUILT_PRODUCTS_DIR; };
		E76EF34AF42FCED5C49397D7 /* Foundation.framework */ = {isa = PBXFileReference; lastKnownFileType = wrapper.framework; name = Foundation.framework; path = Platforms/XROS.platform/Developer/SDKs/XROS2.0.sdk/System/Library/Frameworks/Foundation.framework; sourceTree = DEVELOPER_DIR; };
/* End PBXFileReference section */

/* Begin PBXFileSystemSynchronizedBuildFileExceptionSet section */
		26D6736930091E88004D20EF /* Exceptions for "StoneMill-MVVMC" folder in "StoneMill-MVVMC" target */ = {
			isa = PBXFileSystemSynchronizedBuildFileExceptionSet;
			membershipExceptions = (
				Info.plist,
			);
			target = 26D6734B30091E87004D20EF /* StoneMill-MVVMC */;
		};
		FD981993DE6F0E6339C20CCC /* Exceptions for "StoneMill-MVVMC" folder in "StoneMill-MVVMCUITests" target */ = {
			isa = PBXFileSystemSynchronizedBuildFileExceptionSet;
			membershipExceptions = (
				AccessibilityIdentifiers.swift,
			);
			target = DB6AD51B1E71A5FCE679CEB4 /* StoneMill-MVVMCUITests */;
		};
/* End PBXFileSystemSynchronizedBuildFileExceptionSet section */

/* Begin PBXFileSystemSynchronizedRootGroup section */
		0F9C2B1810A0B78B34022F58 /* StoneMill-MVVMCUITests */ = {
			isa = PBXFileSystemSynchronizedRootGroup;
			path = "StoneMill-MVVMCUITests";
			sourceTree = "<group>";
		};
		26D6734E30091E87004D20EF /* StoneMill-MVVMC */ = {
			isa = PBXFileSystemSynchronizedRootGroup;
			exceptions = (
				26D6736930091E88004D20EF /* Exceptions for "StoneMill-MVVMC" folder in "StoneMill-MVVMC" target */,
				FD981993DE6F0E6339C20CCC /* Exceptions for "StoneMill-MVVMC" folder in "StoneMill-MVVMCUITests" target */,
			);
			path = "StoneMill-MVVMC";
			sourceTree = "<group>";
		};
		26D6736630091E88004D20EF /* StoneMill-MVVMCTests */ = {
			isa = PBXFileSystemSynchronizedRootGroup;
			path = "StoneMill-MVVMCTests";
			sourceTree = "<group>";
		};
/* End PBXFileSystemSynchronizedRootGroup section */

/* Begin PBXFrameworksBuildPhase section */
		26D6734930091E87004D20EF /* Frameworks */ = {
			isa = PBXFrameworksBuildPhase;
			buildActionMask = 2147483647;
			files = (
			);
			runOnlyForDeploymentPostprocessing = 0;
		};
		26D6736030091E88004D20EF /* Frameworks */ = {
			isa = PBXFrameworksBuildPhase;
			buildActionMask = 2147483647;
			files = (
			);
			runOnlyForDeploymentPostprocessing = 0;
		};
		D6D1591D906B2DDA9E76B5CC /* Frameworks */ = {
			isa = PBXFrameworksBuildPhase;
			buildActionMask = 2147483647;
			files = (
				CA7643039FCF5BBC8242714E /* Foundation.framework in Frameworks */,
			);
			runOnlyForDeploymentPostprocessing = 0;
		};
/* End PBXFrameworksBuildPhase section */

/* Begin PBXGroup section */
		26D6734330091E87004D20EF = {
			isa = PBXGroup;
			children = (
				26D6734E30091E87004D20EF /* StoneMill-MVVMC */,
				26D6736630091E88004D20EF /* StoneMill-MVVMCTests */,
				26D6734D30091E87004D20EF /* Products */,
				E865A1F14FF0A6C991B7734A /* Frameworks */,
				0F9C2B1810A0B78B34022F58 /* StoneMill-MVVMCUITests */,
			);
			sourceTree = "<group>";
		};
		26D6734D30091E87004D20EF /* Products */ = {
			isa = PBXGroup;
			children = (
				26D6734C30091E87004D20EF /* StoneMill-MVVMC.app */,
				26D6736330091E88004D20EF /* StoneMill-MVVMCTests.xctest */,
				8432252E361718112BC18BD6 /* StoneMill-MVVMCUITests.xctest */,
			);
			name = Products;
			sourceTree = "<group>";
		};
		B960F8822A789873D91908D7 /* visionOS */ = {
			isa = PBXGroup;
			children = (
				E76EF34AF42FCED5C49397D7 /* Foundation.framework */,
			);
			name = visionOS;
			sourceTree = "<group>";
		};
		E865A1F14FF0A6C991B7734A /* Frameworks */ = {
			isa = PBXGroup;
			children = (
				B960F8822A789873D91908D7 /* visionOS */,
			);
			name = Frameworks;
			sourceTree = "<group>";
		};
/* End PBXGroup section */

/* Begin PBXNativeTarget section */
		26D6734B30091E87004D20EF /* StoneMill-MVVMC */ = {
			isa = PBXNativeTarget;
			buildConfigurationList = 26D6736A30091E88004D20EF /* Build configuration list for PBXNativeTarget "StoneMill-MVVMC" */;
			buildPhases = (
				26D6734830091E87004D20EF /* Sources */,
				26D6734930091E87004D20EF /* Frameworks */,
				26D6734A30091E87004D20EF /* Resources */,
			);
			buildRules = (
			);
			dependencies = (
			);
			fileSystemSynchronizedGroups = (
				26D6734E30091E87004D20EF /* StoneMill-MVVMC */,
			);
			name = "StoneMill-MVVMC";
			packageProductDependencies = (
			);
			productName = "StoneMill-MVVMC";
			productReference = 26D6734C30091E87004D20EF /* StoneMill-MVVMC.app */;
			productType = "com.apple.product-type.application";
		};
		26D6736230091E88004D20EF /* StoneMill-MVVMCTests */ = {
			isa = PBXNativeTarget;
			buildConfigurationList = 26D6736F30091E88004D20EF /* Build configuration list for PBXNativeTarget "StoneMill-MVVMCTests" */;
			buildPhases = (
				26D6735F30091E88004D20EF /* Sources */,
				26D6736030091E88004D20EF /* Frameworks */,
				26D6736130091E88004D20EF /* Resources */,
			);
			buildRules = (
			);
			dependencies = (
				26D6736530091E88004D20EF /* PBXTargetDependency */,
			);
			fileSystemSynchronizedGroups = (
				26D6736630091E88004D20EF /* StoneMill-MVVMCTests */,
			);
			name = "StoneMill-MVVMCTests";
			packageProductDependencies = (
			);
			productName = "StoneMill-MVVMCTests";
			productReference = 26D6736330091E88004D20EF /* StoneMill-MVVMCTests.xctest */;
			productType = "com.apple.product-type.bundle.unit-test";
		};
		DB6AD51B1E71A5FCE679CEB4 /* StoneMill-MVVMCUITests */ = {
			isa = PBXNativeTarget;
			buildConfigurationList = 204A1A75B78834FDC6DD3C20 /* Build configuration list for PBXNativeTarget "StoneMill-MVVMCUITests" */;
			buildPhases = (
				877CA7FB09A28E937F0681FF /* Sources */,
				D6D1591D906B2DDA9E76B5CC /* Frameworks */,
				FF40C85314F431BEA413A2F7 /* Resources */,
			);
			buildRules = (
			);
			dependencies = (
				8CFDEACBE2B1187337B38765 /* PBXTargetDependency */,
			);
			fileSystemSynchronizedGroups = (
				0F9C2B1810A0B78B34022F58 /* StoneMill-MVVMCUITests */,
			);
			name = "StoneMill-MVVMCUITests";
			packageProductDependencies = (
			);
			productName = "StoneMill-MVVMCUITests";
			productReference = 8432252E361718112BC18BD6 /* StoneMill-MVVMCUITests.xctest */;
			productType = "com.apple.product-type.bundle.ui-testing";
		};
/* End PBXNativeTarget section */

/* Begin PBXProject section */
		26D6734430091E87004D20EF /* Project object */ = {
			isa = PBXProject;
			attributes = {
				BuildIndependentTargetsInParallel = 1;
				LastSwiftUpdateCheck = 2700;
				LastUpgradeCheck = 2700;
				TargetAttributes = {
					26D6734B30091E87004D20EF = {
						CreatedOnToolsVersion = 27.0;
					};
					26D6736230091E88004D20EF = {
						CreatedOnToolsVersion = 27.0;
						TestTargetID = 26D6734B30091E87004D20EF;
					};
				};
			};
			buildConfigurationList = 26D6734730091E87004D20EF /* Build configuration list for PBXProject "StoneMill-MVVMC" */;
			developmentRegion = en;
			hasScannedForEncodings = 0;
			knownRegions = (
				en,
				Base,
			);
			mainGroup = 26D6734330091E87004D20EF;
			minimizedProjectReferenceProxies = 1;
			preferredProjectObjectVersion = 77;
			productRefGroup = 26D6734D30091E87004D20EF /* Products */;
			projectDirPath = "";
			projectRoot = "";
			targets = (
				26D6734B30091E87004D20EF /* StoneMill-MVVMC */,
				26D6736230091E88004D20EF /* StoneMill-MVVMCTests */,
				DB6AD51B1E71A5FCE679CEB4 /* StoneMill-MVVMCUITests */,
			);
		};
/* End PBXProject section */

/* Begin PBXResourcesBuildPhase section */
		26D6734A30091E87004D20EF /* Resources */ = {
			isa = PBXResourcesBuildPhase;
			buildActionMask = 2147483647;
			files = (
			);
			runOnlyForDeploymentPostprocessing = 0;
		};
		26D6736130091E88004D20EF /* Resources */ = {
			isa = PBXResourcesBuildPhase;
			buildActionMask = 2147483647;
			files = (
			);
			runOnlyForDeploymentPostprocessing = 0;
		};
		FF40C85314F431BEA413A2F7 /* Resources */ = {
			isa = PBXResourcesBuildPhase;
			buildActionMask = 2147483647;
			files = (
			);
			runOnlyForDeploymentPostprocessing = 0;
		};
/* End PBXResourcesBuildPhase section */

/* Begin PBXSourcesBuildPhase section */
		26D6734830091E87004D20EF /* Sources */ = {
			isa = PBXSourcesBuildPhase;
			buildActionMask = 2147483647;
			files = (
			);
			runOnlyForDeploymentPostprocessing = 0;
		};
		26D6735F30091E88004D20EF /* Sources */ = {
			isa = PBXSourcesBuildPhase;
			buildActionMask = 2147483647;
			files = (
			);
			runOnlyForDeploymentPostprocessing = 0;
		};
		877CA7FB09A28E937F0681FF /* Sources */ = {
			isa = PBXSourcesBuildPhase;
			buildActionMask = 2147483647;
			files = (
			);
			runOnlyForDeploymentPostprocessing = 0;
		};
/* End PBXSourcesBuildPhase section */

/* Begin PBXTargetDependency section */
		26D6736530091E88004D20EF /* PBXTargetDependency */ = {
			isa = PBXTargetDependency;
			target = 26D6734B30091E87004D20EF /* StoneMill-MVVMC */;
			targetProxy = 26D6736430091E88004D20EF /* PBXContainerItemProxy */;
		};
		8CFDEACBE2B1187337B38765 /* PBXTargetDependency */ = {
			isa = PBXTargetDependency;
			name = "StoneMill-MVVMC";
			target = 26D6734B30091E87004D20EF /* StoneMill-MVVMC */;
			targetProxy = 4B49B8007F2A79D01B185D27 /* PBXContainerItemProxy */;
		};
/* End PBXTargetDependency section */

/* Begin XCBuildConfiguration section */
		1A518522E531844E0B617979 /* Release */ = {
			isa = XCBuildConfiguration;
			buildSettings = {
				CODE_SIGN_STYLE = Automatic;
				CURRENT_PROJECT_VERSION = 1;
				DEVELOPMENT_TEAM = P92GSKWU9W;
				GENERATE_INFOPLIST_FILE = YES;
				MARKETING_VERSION = 1.0;
				PRODUCT_BUNDLE_IDENTIFIER = "com.StoneMill-MVVMCUITests";
				PRODUCT_NAME = "$(TARGET_NAME)";
				SDKROOT = xros;
				SUPPORTED_PLATFORMS = "xros xrsimulator";
				SWIFT_DEFAULT_ACTOR_ISOLATION = nonisolated;
				SWIFT_VERSION = 6.0;
				TARGETED_DEVICE_FAMILY = 7;
				TEST_TARGET_NAME = "StoneMill-MVVMC";
				XROS_DEPLOYMENT_TARGET = 27.0;
			};
			name = Release;
		};
		26D6736B30091E88004D20EF /* Debug */ = {
			isa = XCBuildConfiguration;
			buildSettings = {
				ASSETCATALOG_COMPILER_APPICON_NAME = AppIcon;
				ASSETCATALOG_COMPILER_GLOBAL_ACCENT_COLOR_NAME = AccentColor;
				ASSETCATALOG_COMPILER_INCLUDE_ALL_APPICON_ASSETS = YES;
				CODE_SIGN_STYLE = Automatic;
				CURRENT_PROJECT_VERSION = 1;
				DEVELOPMENT_TEAM = P92GSKWU9W;
				ENABLE_PREVIEWS = YES;
				GENERATE_INFOPLIST_FILE = YES;
				INFOPLIST_FILE = "$(TARGET_NAME)/Info.plist";
				LD_RUNPATH_SEARCH_PATHS = (
					"$(inherited)",
					"@executable_path/Frameworks",
				);
				MARKETING_VERSION = 1.0;
				PRODUCT_BUNDLE_IDENTIFIER = "com.StoneMill-MVVMC";
				PRODUCT_NAME = "$(TARGET_NAME)";
				STRING_CATALOG_GENERATE_SYMBOLS = YES;
				SUPPORTED_PLATFORMS = "xros xrsimulator";
				SWIFT_APPROACHABLE_CONCURRENCY = YES;
				SWIFT_DEFAULT_ACTOR_ISOLATION = MainActor;
				SWIFT_EMIT_LOC_STRINGS = YES;
				SWIFT_UPCOMING_FEATURE_MEMBER_IMPORT_VISIBILITY = YES;
				SWIFT_VERSION = 6.0;
				TARGETED_DEVICE_FAMILY = 7;
			};
			name = Debug;
		};
		26D6736C30091E88004D20EF /* Release */ = {
			isa = XCBuildConfiguration;
			buildSettings = {
				ASSETCATALOG_COMPILER_APPICON_NAME = AppIcon;
				ASSETCATALOG_COMPILER_GLOBAL_ACCENT_COLOR_NAME = AccentColor;
				ASSETCATALOG_COMPILER_INCLUDE_ALL_APPICON_ASSETS = YES;
				CODE_SIGN_STYLE = Automatic;
				CURRENT_PROJECT_VERSION = 1;
				DEVELOPMENT_TEAM = P92GSKWU9W;
				ENABLE_PREVIEWS = YES;
				GENERATE_INFOPLIST_FILE = YES;
				INFOPLIST_FILE = "$(TARGET_NAME)/Info.plist";
				LD_RUNPATH_SEARCH_PATHS = (
					"$(inherited)",
					"@executable_path/Frameworks",
				);
				MARKETING_VERSION = 1.0;
				PRODUCT_BUNDLE_IDENTIFIER = "com.StoneMill-MVVMC";
				PRODUCT_NAME = "$(TARGET_NAME)";
				STRING_CATALOG_GENERATE_SYMBOLS = YES;
				SUPPORTED_PLATFORMS = "xros xrsimulator";
				SWIFT_APPROACHABLE_CONCURRENCY = YES;
				SWIFT_DEFAULT_ACTOR_ISOLATION = MainActor;
				SWIFT_EMIT_LOC_STRINGS = YES;
				SWIFT_UPCOMING_FEATURE_MEMBER_IMPORT_VISIBILITY = YES;
				SWIFT_VERSION = 6.0;
				TARGETED_DEVICE_FAMILY = 7;
			};
			name = Release;
		};
		26D6736D30091E88004D20EF /* Debug */ = {
			isa = XCBuildConfiguration;
			buildSettings = {
				ALWAYS_SEARCH_USER_PATHS = NO;
				ASSETCATALOG_COMPILER_GENERATE_SWIFT_ASSET_SYMBOL_EXTENSIONS = YES;
				CLANG_ANALYZER_NONNULL = YES;
				CLANG_ANALYZER_NUMBER_OBJECT_CONVERSION = YES_AGGRESSIVE;
				CLANG_CXX_LANGUAGE_STANDARD = "gnu++20";
				CLANG_ENABLE_MODULES = YES;
				CLANG_ENABLE_OBJC_ARC = YES;
				CLANG_ENABLE_OBJC_WEAK = YES;
				CLANG_WARN_BLOCK_CAPTURE_AUTORELEASING = YES;
				CLANG_WARN_BOOL_CONVERSION = YES;
				CLANG_WARN_COMMA = YES;
				CLANG_WARN_CONSTANT_CONVERSION = YES;
				CLANG_WARN_DEPRECATED_OBJC_IMPLEMENTATIONS = YES;
				CLANG_WARN_DIRECT_OBJC_ISA_USAGE = YES_ERROR;
				CLANG_WARN_DOCUMENTATION_COMMENTS = YES;
				CLANG_WARN_EMPTY_BODY = YES;
				CLANG_WARN_ENUM_CONVERSION = YES;
				CLANG_WARN_INFINITE_RECURSION = YES;
				CLANG_WARN_INT_CONVERSION = YES;
				CLANG_WARN_NON_LITERAL_NULL_CONVERSION = YES;
				CLANG_WARN_OBJC_IMPLICIT_RETAIN_SELF = YES;
				CLANG_WARN_OBJC_LITERAL_CONVERSION = YES;
				CLANG_WARN_OBJC_ROOT_CLASS = YES_ERROR;
				CLANG_WARN_QUOTED_INCLUDE_IN_FRAMEWORK_HEADER = YES;
				CLANG_WARN_RANGE_LOOP_ANALYSIS = YES;
				CLANG_WARN_STRICT_PROTOTYPES = YES;
				CLANG_WARN_SUSPICIOUS_MOVE = YES;
				CLANG_WARN_UNGUARDED_AVAILABILITY = YES_AGGRESSIVE;
				CLANG_WARN_UNREACHABLE_CODE = YES;
				CLANG_WARN__DUPLICATE_METHOD_MATCH = YES;
				COPY_PHASE_STRIP = NO;
				DEBUG_INFORMATION_FORMAT = dwarf;
				DEVELOPMENT_TEAM = P92GSKWU9W;
				ENABLE_STRICT_OBJC_MSGSEND = YES;
				ENABLE_TESTABILITY = YES;
				ENABLE_USER_SCRIPT_SANDBOXING = YES;
				GCC_C_LANGUAGE_STANDARD = gnu17;
				GCC_DYNAMIC_NO_PIC = NO;
				GCC_NO_COMMON_BLOCKS = YES;
				GCC_OPTIMIZATION_LEVEL = 0;
				GCC_PREPROCESSOR_DEFINITIONS = (
					"DEBUG=1",
					"$(inherited)",
				);
				GCC_WARN_64_TO_32_BIT_CONVERSION = YES;
				GCC_WARN_ABOUT_RETURN_TYPE = YES_ERROR;
				GCC_WARN_UNDECLARED_SELECTOR = YES;
				GCC_WARN_UNINITIALIZED_AUTOS = YES_AGGRESSIVE;
				GCC_WARN_UNUSED_FUNCTION = YES;
				GCC_WARN_UNUSED_VARIABLE = YES;
				LOCALIZATION_PREFERS_STRING_CATALOGS = YES;
				MTL_ENABLE_DEBUG_INFO = INCLUDE_SOURCE;
				MTL_FAST_MATH = YES;
				ONLY_ACTIVE_ARCH = YES;
				SDKROOT = xros;
				SWIFT_ACTIVE_COMPILATION_CONDITIONS = "DEBUG $(inherited)";
				SWIFT_OPTIMIZATION_LEVEL = "-Onone";
				SWIFT_VERSION = 6.0;
				XROS_DEPLOYMENT_TARGET = 27.0;
			};
			name = Debug;
		};
		26D6736E30091E88004D20EF /* Release */ = {
			isa = XCBuildConfiguration;
			buildSettings = {
				ALWAYS_SEARCH_USER_PATHS = NO;
				ASSETCATALOG_COMPILER_GENERATE_SWIFT_ASSET_SYMBOL_EXTENSIONS = YES;
				CLANG_ANALYZER_NONNULL = YES;
				CLANG_ANALYZER_NUMBER_OBJECT_CONVERSION = YES_AGGRESSIVE;
				CLANG_CXX_LANGUAGE_STANDARD = "gnu++20";
				CLANG_ENABLE_MODULES = YES;
				CLANG_ENABLE_OBJC_ARC = YES;
				CLANG_ENABLE_OBJC_WEAK = YES;
				CLANG_WARN_BLOCK_CAPTURE_AUTORELEASING = YES;
				CLANG_WARN_BOOL_CONVERSION = YES;
				CLANG_WARN_COMMA = YES;
				CLANG_WARN_CONSTANT_CONVERSION = YES;
				CLANG_WARN_DEPRECATED_OBJC_IMPLEMENTATIONS = YES;
				CLANG_WARN_DIRECT_OBJC_ISA_USAGE = YES_ERROR;
				CLANG_WARN_DOCUMENTATION_COMMENTS = YES;
				CLANG_WARN_EMPTY_BODY = YES;
				CLANG_WARN_ENUM_CONVERSION = YES;
				CLANG_WARN_INFINITE_RECURSION = YES;
				CLANG_WARN_INT_CONVERSION = YES;
				CLANG_WARN_NON_LITERAL_NULL_CONVERSION = YES;
				CLANG_WARN_OBJC_IMPLICIT_RETAIN_SELF = YES;
				CLANG_WARN_OBJC_LITERAL_CONVERSION = YES;
				CLANG_WARN_OBJC_ROOT_CLASS = YES_ERROR;
				CLANG_WARN_QUOTED_INCLUDE_IN_FRAMEWORK_HEADER = YES;
				CLANG_WARN_RANGE_LOOP_ANALYSIS = YES;
				CLANG_WARN_STRICT_PROTOTYPES = YES;
				CLANG_WARN_SUSPICIOUS_MOVE = YES;
				CLANG_WARN_UNGUARDED_AVAILABILITY = YES_AGGRESSIVE;
				CLANG_WARN_UNREACHABLE_CODE = YES;
				CLANG_WARN__DUPLICATE_METHOD_MATCH = YES;
				COPY_PHASE_STRIP = NO;
				DEBUG_INFORMATION_FORMAT = "dwarf-with-dsym";
				DEVELOPMENT_TEAM = P92GSKWU9W;
				ENABLE_NS_ASSERTIONS = NO;
				ENABLE_STRICT_OBJC_MSGSEND = YES;
				ENABLE_USER_SCRIPT_SANDBOXING = YES;
				GCC_C_LANGUAGE_STANDARD = gnu17;
				GCC_NO_COMMON_BLOCKS = YES;
				GCC_WARN_64_TO_32_BIT_CONVERSION = YES;
				GCC_WARN_ABOUT_RETURN_TYPE = YES_ERROR;
				GCC_WARN_UNDECLARED_SELECTOR = YES;
				GCC_WARN_UNINITIALIZED_AUTOS = YES_AGGRESSIVE;
				GCC_WARN_UNUSED_FUNCTION = YES;
				GCC_WARN_UNUSED_VARIABLE = YES;
				LOCALIZATION_PREFERS_STRING_CATALOGS = YES;
				MTL_ENABLE_DEBUG_INFO = NO;
				MTL_FAST_MATH = YES;
				SDKROOT = xros;
				SWIFT_COMPILATION_MODE = wholemodule;
				SWIFT_VERSION = 6.0;
				VALIDATE_PRODUCT = YES;
				XROS_DEPLOYMENT_TARGET = 27.0;
			};
			name = Release;
		};
		26D6737030091E88004D20EF /* Debug */ = {
			isa = XCBuildConfiguration;
			buildSettings = {
				BUNDLE_LOADER = "$(TEST_HOST)";
				CODE_SIGN_STYLE = Automatic;
				CURRENT_PROJECT_VERSION = 1;
				DEVELOPMENT_TEAM = P92GSKWU9W;
				GENERATE_INFOPLIST_FILE = YES;
				MARKETING_VERSION = 1.0;
				PRODUCT_BUNDLE_IDENTIFIER = "com.StoneMill-MVVMCTests";
				PRODUCT_NAME = "$(TARGET_NAME)";
				STRING_CATALOG_GENERATE_SYMBOLS = NO;
				SUPPORTED_PLATFORMS = "xros xrsimulator";
				SWIFT_APPROACHABLE_CONCURRENCY = YES;
				SWIFT_EMIT_LOC_STRINGS = NO;
				SWIFT_UPCOMING_FEATURE_MEMBER_IMPORT_VISIBILITY = YES;
				SWIFT_VERSION = 6.0;
				TARGETED_DEVICE_FAMILY = 7;
				TEST_HOST = "$(BUILT_PRODUCTS_DIR)/StoneMill-MVVMC.app/$(BUNDLE_EXECUTABLE_FOLDER_PATH)/StoneMill-MVVMC";
				XROS_DEPLOYMENT_TARGET = 27.0;
			};
			name = Debug;
		};
		26D6737130091E88004D20EF /* Release */ = {
			isa = XCBuildConfiguration;
			buildSettings = {
				BUNDLE_LOADER = "$(TEST_HOST)";
				CODE_SIGN_STYLE = Automatic;
				CURRENT_PROJECT_VERSION = 1;
				DEVELOPMENT_TEAM = P92GSKWU9W;
				GENERATE_INFOPLIST_FILE = YES;
				MARKETING_VERSION = 1.0;
				PRODUCT_BUNDLE_IDENTIFIER = "com.StoneMill-MVVMCTests";
				PRODUCT_NAME = "$(TARGET_NAME)";
				STRING_CATALOG_GENERATE_SYMBOLS = NO;
				SUPPORTED_PLATFORMS = "xros xrsimulator";
				SWIFT_APPROACHABLE_CONCURRENCY = YES;
				SWIFT_EMIT_LOC_STRINGS = NO;
				SWIFT_UPCOMING_FEATURE_MEMBER_IMPORT_VISIBILITY = YES;
				SWIFT_VERSION = 6.0;
				TARGETED_DEVICE_FAMILY = 7;
				TEST_HOST = "$(BUILT_PRODUCTS_DIR)/StoneMill-MVVMC.app/$(BUNDLE_EXECUTABLE_FOLDER_PATH)/StoneMill-MVVMC";
				XROS_DEPLOYMENT_TARGET = 27.0;
			};
			name = Release;
		};
		59360C162A02EA2C570743C3 /* Debug */ = {
			isa = XCBuildConfiguration;
			buildSettings = {
				CODE_SIGN_STYLE = Automatic;
				CURRENT_PROJECT_VERSION = 1;
				DEVELOPMENT_TEAM = P92GSKWU9W;
				GENERATE_INFOPLIST_FILE = YES;
				MARKETING_VERSION = 1.0;
				PRODUCT_BUNDLE_IDENTIFIER = "com.StoneMill-MVVMCUITests";
				PRODUCT_NAME = "$(TARGET_NAME)";
				SDKROOT = xros;
				SUPPORTED_PLATFORMS = "xros xrsimulator";
				SWIFT_DEFAULT_ACTOR_ISOLATION = nonisolated;
				SWIFT_VERSION = 6.0;
				TARGETED_DEVICE_FAMILY = 7;
				TEST_TARGET_NAME = "StoneMill-MVVMC";
				XROS_DEPLOYMENT_TARGET = 27.0;
			};
			name = Debug;
		};
/* End XCBuildConfiguration section */

/* Begin XCConfigurationList section */
		204A1A75B78834FDC6DD3C20 /* Build configuration list for PBXNativeTarget "StoneMill-MVVMCUITests" */ = {
			isa = XCConfigurationList;
			buildConfigurations = (
				1A518522E531844E0B617979 /* Release */,
				59360C162A02EA2C570743C3 /* Debug */,
			);
			defaultConfigurationIsVisible = 0;
			defaultConfigurationName = Release;
		};
		26D6734730091E87004D20EF /* Build configuration list for PBXProject "StoneMill-MVVMC" */ = {
			isa = XCConfigurationList;
			buildConfigurations = (
				26D6736D30091E88004D20EF /* Debug */,
				26D6736E30091E88004D20EF /* Release */,
			);
			defaultConfigurationIsVisible = 0;
			defaultConfigurationName = Release;
		};
		26D6736A30091E88004D20EF /* Build configuration list for PBXNativeTarget "StoneMill-MVVMC" */ = {
			isa = XCConfigurationList;
			buildConfigurations = (
				26D6736B30091E88004D20EF /* Debug */,
				26D6736C30091E88004D20EF /* Release */,
			);
			defaultConfigurationIsVisible = 0;
			defaultConfigurationName = Release;
		};
		26D6736F30091E88004D20EF /* Build configuration list for PBXNativeTarget "StoneMill-MVVMCTests" */ = {
			isa = XCConfigurationList;
			buildConfigurations = (
				26D6737030091E88004D20EF /* Debug */,
				26D6737130091E88004D20EF /* Release */,
			);
			defaultConfigurationIsVisible = 0;
			defaultConfigurationName = Release;
		};
/* End XCConfigurationList section */
	};
	rootObject = 26D6734430091E87004D20EF /* Project object */;
}
