// !$*UTF8*$!
{
	archiveVersion = 1;
	classes = {
	};
	objectVersion = 110;
	objects = {

/* Begin PBXContainerItemProxy section */
		26D6736430091E88004D20EF /* PBXContainerItemProxy */ = {
			isa = PBXContainerItemProxy;
			containerPortal = 26D6734430091E87004D20EF /* Project object */;
			proxyType = 1;
			remoteGlobalIDString = 26D6734B30091E87004D20EF;
			remoteInfo = "StoneMill-MVVMC";
		};
/* End PBXContainerItemProxy section */

/* Begin PBXFileReference section */
		26D6734C30091E87004D20EF /* StoneMill-MVVMC.app */ = {isa = PBXFileReference; explicitFileType = wrapper.application; includeInIndex = 0; path = "StoneMill-MVVMC.app"; sourceTree = BUILT_PRODUCTS_DIR; };
		26D6736330091E88004D20EF /* StoneMill-MVVMCTests.xctest */ = {isa = PBXFileReference; explicitFileType = wrapper.cfbundle; includeInIndex = 0; path = "StoneMill-MVVMCTests.xctest"; sourceTree = BUILT_PRODUCTS_DIR; };
/* End PBXFileReference section */

/* Begin PBXFileSystemSynchronizedBuildFileExceptionSet section */
		26D6736930091E88004D20EF /* Exceptions for "StoneMill-MVVMC" folder in "StoneMill-MVVMC" target */ = {
			isa = PBXFileSystemSynchronizedBuildFileExceptionSet;
			membershipExceptions = (
				Info.plist,
			);
			target = 26D6734B30091E87004D20EF /* StoneMill-MVVMC */;
		};
/* End PBXFileSystemSynchronizedBuildFileExceptionSet section */

/* Begin PBXFileSystemSynchronizedRootGroup section */
		26D6734E30091E87004D20EF /* StoneMill-MVVMC */ = {
			isa = PBXFileSystemSynchronizedRootGroup;
			exceptions = (
				26D6736930091E88004D20EF /* Exceptions for "StoneMill-MVVMC" folder in "StoneMill-MVVMC" target */,
			);
			explicitFolders = (
				Resources/Materials,
			);
			path = "StoneMill-MVVMC";
			sourceTree = "<group>";
		};
		26D6736630091E88004D20EF /* StoneMill-MVVMCTests */ = {
			isa = PBXFileSystemSynchronizedRootGroup;
			path = "StoneMill-MVVMCTests";
			sourceTree = "<group>";
		};
/* End PBXFileSystemSynchronizedRootGroup section */

/* Begin PBXFrameworksBuildPhase section */
		26D6734930091E87004D20EF /* Frameworks */ = {
			isa = PBXFrameworksBuildPhase;
			files = (
			);
		};
		26D6736030091E88004D20EF /* Frameworks */ = {
			isa = PBXFrameworksBuildPhase;
			files = (
			);
		};
/* End PBXFrameworksBuildPhase section */

/* Begin PBXGroup section */
		26D6734330091E87004D20EF = {
			isa = PBXGroup;
			children = (
				26D6734E30091E87004D20EF /* StoneMill-MVVMC */,
				26D6736630091E88004D20EF /* StoneMill-MVVMCTests */,
				26D6734D30091E87004D20EF /* Products */,
			);
			sourceTree = "<group>";
		};
		26D6734D30091E87004D20EF /* Products */ = {
			isa = PBXGroup;
			children = (
				26D6734C30091E87004D20EF /* StoneMill-MVVMC.app */,
				26D6736330091E88004D20EF /* StoneMill-MVVMCTests.xctest */,
			);
			name = Products;
			sourceTree = "<group>";
		};
/* End PBXGroup section */

/* Begin PBXNativeTarget section */
		26D6734B30091E87004D20EF /* StoneMill-MVVMC */ = {
			isa = PBXNativeTarget;
			buildConfigurationList = 26D6736A30091E88004D20EF /* Build configuration list for PBXNativeTarget "StoneMill-MVVMC" */;
			buildPhases = (
				26D6734830091E87004D20EF /* Sources */,
				26D6734930091E87004D20EF /* Frameworks */,
				26D6734A30091E87004D20EF /* Resources */,
			);
			buildRules = (
			);
			fileSystemSynchronizedGroups = (
				26D6734E30091E87004D20EF /* StoneMill-MVVMC */,
			);
			name = "StoneMill-MVVMC";
			productName = "StoneMill-MVVMC";
			productReference = 26D6734C30091E87004D20EF /* StoneMill-MVVMC.app */;
			productType = "com.apple.product-type.application";
		};
		26D6736230091E88004D20EF /* StoneMill-MVVMCTests */ = {
			isa = PBXNativeTarget;
			buildConfigurationList = 26D6736F30091E88004D20EF /* Build configuration list for PBXNativeTarget "StoneMill-MVVMCTests" */;
			buildPhases = (
				26D6735F30091E88004D20EF /* Sources */,
				26D6736030091E88004D20EF /* Frameworks */,
				26D6736130091E88004D20EF /* Resources */,
			);
			buildRules = (
			);
			dependencies = (
				26D6736530091E88004D20EF /* PBXTargetDependency */,
			);
			fileSystemSynchronizedGroups = (
				26D6736630091E88004D20EF /* StoneMill-MVVMCTests */,
			);
			name = "StoneMill-MVVMCTests";
			productName = "StoneMill-MVVMCTests";
			productReference = 26D6736330091E88004D20EF /* StoneMill-MVVMCTests.xctest */;
			productType = "com.apple.product-type.bundle.unit-test";
		};
/* End PBXNativeTarget section */

/* Begin PBXProject section */
		26D6734430091E87004D20EF /* Project object */ = {
			isa = PBXProject;
			attributes = {
				BuildIndependentTargetsInParallel = 1;
				LastSwiftUpdateCheck = 2700;
				LastUpgradeCheck = 2700;
				TargetAttributes = {
					26D6734B30091E87004D20EF = {
						CreatedOnToolsVersion = 27.0;
					};
					26D6736230091E88004D20EF = {
						CreatedOnToolsVersion = 27.0;
						TestTargetID = 26D6734B30091E87004D20EF;
					};
				};
			};
			buildConfigurationList = 26D6734730091E87004D20EF /* Build configuration list for PBXProject "StoneMill-MVVMC" */;
			developmentRegion = en;
			hasScannedForEncodings = 0;
			knownRegions = (
				en,
				Base,
			);
			mainGroup = 26D6734330091E87004D20EF;
			minimizedProjectReferenceProxies = 1;
			preferredProjectObjectVersion = 77;
			productRefGroup = 26D6734D30091E87004D20EF /* Products */;
			projectDirPath = "";
			projectRoot = "";
			targets = (
				26D6734B30091E87004D20EF /* StoneMill-MVVMC */,
				26D6736230091E88004D20EF /* StoneMill-MVVMCTests */,
			);
		};
/* End PBXProject section */

/* Begin PBXResourcesBuildPhase section */
		26D6734A30091E87004D20EF /* Resources */ = {
			isa = PBXResourcesBuildPhase;
			files = (
			);
		};
		26D6736130091E88004D20EF /* Resources */ = {
			isa = PBXResourcesBuildPhase;
			files = (
			);
		};
/* End PBXResourcesBuildPhase section */

/* Begin PBXSourcesBuildPhase section */
		26D6734830091E87004D20EF /* Sources */ = {
			isa = PBXSourcesBuildPhase;
			files = (
			);
		};
		26D6735F30091E88004D20EF /* Sources */ = {
			isa = PBXSourcesBuildPhase;
			files = (
			);
		};
/* End PBXSourcesBuildPhase section */

/* Begin PBXTargetDependency section */
		26D6736530091E88004D20EF /* PBXTargetDependency */ = {
			isa = PBXTargetDependency;
			target = 26D6734B30091E87004D20EF /* StoneMill-MVVMC */;
			targetProxy = 26D6736430091E88004D20EF /* PBXContainerItemProxy */;
		};
/* End PBXTargetDependency section */

/* Begin XCBuildConfiguration section */
		26D6736B30091E88004D20EF /* Debug configuration for PBXNativeTarget "StoneMill-MVVMC" */ = {
			isa = XCBuildConfiguration;
			buildSettings = {
				ASSETCATALOG_COMPILER_APPICON_NAME = AppIcon;
				ASSETCATALOG_COMPILER_GLOBAL_ACCENT_COLOR_NAME = AccentColor;
				ASSETCATALOG_COMPILER_INCLUDE_ALL_APPICON_ASSETS = YES;
				CODE_SIGN_STYLE = Automatic;
				CURRENT_PROJECT_VERSION = 1;
				DEVELOPMENT_TEAM = P92GSKWU9W;
				ENABLE_PREVIEWS = YES;
				GENERATE_INFOPLIST_FILE = YES;
				INFOPLIST_FILE = "$(TARGET_NAME)/Info.plist";
				LD_RUNPATH_SEARCH_PATHS = (
					"$(inherited)",
					"@executable_path/Frameworks",
				);
				MARKETING_VERSION = 1.0;
				PRODUCT_BUNDLE_IDENTIFIER = "com.StoneMill-MVVMC";
				PRODUCT_NAME = "$(TARGET_NAME)";
				STRING_CATALOG_GENERATE_SYMBOLS = YES;
				SUPPORTED_PLATFORMS = "xros xrsimulator";
				SWIFT_APPROACHABLE_CONCURRENCY = YES;
				SWIFT_DEFAULT_ACTOR_ISOLATION = MainActor;
				SWIFT_EMIT_LOC_STRINGS = YES;
				SWIFT_UPCOMING_FEATURE_MEMBER_IMPORT_VISIBILITY = YES;
				SWIFT_VERSION = 6.0;
				TARGETED_DEVICE_FAMILY = 7;
			};
			name = Debug;
		};
		26D6736C30091E88004D20EF /* Release configuration for PBXNativeTarget "StoneMill-MVVMC" */ = {
			isa = XCBuildConfiguration;
			buildSettings = {
				ASSETCATALOG_COMPILER_APPICON_NAME = AppIcon;
				ASSETCATALOG_COMPILER_GLOBAL_ACCENT_COLOR_NAME = AccentColor;
				ASSETCATALOG_COMPILER_INCLUDE_ALL_APPICON_ASSETS = YES;
				CODE_SIGN_STYLE = Automatic;
				CURRENT_PROJECT_VERSION = 1;
				DEVELOPMENT_TEAM = P92GSKWU9W;
				ENABLE_PREVIEWS = YES;
				GENERATE_INFOPLIST_FILE = YES;
				INFOPLIST_FILE = "$(TARGET_NAME)/Info.plist";
				LD_RUNPATH_SEARCH_PATHS = (
					"$(inherited)",
					"@executable_path/Frameworks",
				);
				MARKETING_VERSION = 1.0;
				PRODUCT_BUNDLE_IDENTIFIER = "com.StoneMill-MVVMC";
				PRODUCT_NAME = "$(TARGET_NAME)";
				STRING_CATALOG_GENERATE_SYMBOLS = YES;
				SUPPORTED_PLATFORMS = "xros xrsimulator";
				SWIFT_APPROACHABLE_CONCURRENCY = YES;
				SWIFT_DEFAULT_ACTOR_ISOLATION = MainActor;
				SWIFT_EMIT_LOC_STRINGS = YES;
				SWIFT_UPCOMING_FEATURE_MEMBER_IMPORT_VISIBILITY = YES;
				SWIFT_VERSION = 6.0;
				TARGETED_DEVICE_FAMILY = 7;
			};
			name = Release;
		};
		26D6736D30091E88004D20EF /* Debug configuration for PBXProject "StoneMill-MVVMC" */ = {
			isa = XCBuildConfiguration;
			buildSettings = {
				ALWAYS_SEARCH_USER_PATHS = NO;
				ASSETCATALOG_COMPILER_GENERATE_SWIFT_ASSET_SYMBOL_EXTENSIONS = YES;
				CLANG_ANALYZER_NONNULL = YES;
				CLANG_ANALYZER_NUMBER_OBJECT_CONVERSION = YES_AGGRESSIVE;
				CLANG_CXX_LANGUAGE_STANDARD = "gnu++20";
				CLANG_ENABLE_MODULES = YES;
				CLANG_ENABLE_OBJC_ARC = YES;
				CLANG_ENABLE_OBJC_WEAK = YES;
				CLANG_WARN_BLOCK_CAPTURE_AUTORELEASING = YES;
				CLANG_WARN_BOOL_CONVERSION = YES;
				CLANG_WARN_COMMA = YES;
				CLANG_WARN_CONSTANT_CONVERSION = YES;
				CLANG_WARN_DEPRECATED_OBJC_IMPLEMENTATIONS = YES;
				CLANG_WARN_DIRECT_OBJC_ISA_USAGE = YES_ERROR;
				CLANG_WARN_DOCUMENTATION_COMMENTS = YES;
				CLANG_WARN_EMPTY_BODY = YES;
				CLANG_WARN_ENUM_CONVERSION = YES;
				CLANG_WARN_INFINITE_RECURSION = YES;
				CLANG_WARN_INT_CONVERSION = YES;
				CLANG_WARN_NON_LITERAL_NULL_CONVERSION = YES;
				CLANG_WARN_OBJC_IMPLICIT_RETAIN_SELF = YES;
				CLANG_WARN_OBJC_LITERAL_CONVERSION = YES;
				CLANG_WARN_OBJC_ROOT_CLASS = YES_ERROR;
				CLANG_WARN_QUOTED_INCLUDE_IN_FRAMEWORK_HEADER = YES;
				CLANG_WARN_RANGE_LOOP_ANALYSIS = YES;
				CLANG_WARN_STRICT_PROTOTYPES = YES;
				CLANG_WARN_SUSPICIOUS_MOVE = YES;
				CLANG_WARN_UNGUARDED_AVAILABILITY = YES_AGGRESSIVE;
				CLANG_WARN_UNREACHABLE_CODE = YES;
				CLANG_WARN__DUPLICATE_METHOD_MATCH = YES;
				COPY_PHASE_STRIP = NO;
				DEBUG_INFORMATION_FORMAT = dwarf;
				DEVELOPMENT_TEAM = P92GSKWU9W;
				ENABLE_STRICT_OBJC_MSGSEND = YES;
				ENABLE_TESTABILITY = YES;
				ENABLE_USER_SCRIPT_SANDBOXING = YES;
				GCC_C_LANGUAGE_STANDARD = gnu17;
				GCC_DYNAMIC_NO_PIC = NO;
				GCC_NO_COMMON_BLOCKS = YES;
				GCC_OPTIMIZATION_LEVEL = 0;
				GCC_PREPROCESSOR_DEFINITIONS = (
					"DEBUG=1",
					"$(inherited)",
				);
				GCC_WARN_64_TO_32_BIT_CONVERSION = YES;
				GCC_WARN_ABOUT_RETURN_TYPE = YES_ERROR;
				GCC_WARN_UNDECLARED_SELECTOR = YES;
				GCC_WARN_UNINITIALIZED_AUTOS = YES_AGGRESSIVE;
				GCC_WARN_UNUSED_FUNCTION = YES;
				GCC_WARN_UNUSED_VARIABLE = YES;
				LOCALIZATION_PREFERS_STRING_CATALOGS = YES;
				MTL_ENABLE_DEBUG_INFO = INCLUDE_SOURCE;
				MTL_FAST_MATH = YES;
				ONLY_ACTIVE_ARCH = YES;
				SDKROOT = xros;
				SWIFT_ACTIVE_COMPILATION_CONDITIONS = "DEBUG $(inherited)";
				SWIFT_OPTIMIZATION_LEVEL = "-Onone";
				SWIFT_VERSION = 6.0;
				XROS_DEPLOYMENT_TARGET = 27.0;
			};
			name = Debug;
		};
		26D6736E30091E88004D20EF /* Release configuration for PBXProject "StoneMill-MVVMC" */ = {
			isa = XCBuildConfiguration;
			buildSettings = {
				ALWAYS_SEARCH_USER_PATHS = NO;
				ASSETCATALOG_COMPILER_GENERATE_SWIFT_ASSET_SYMBOL_EXTENSIONS = YES;
				CLANG_ANALYZER_NONNULL = YES;
				CLANG_ANALYZER_NUMBER_OBJECT_CONVERSION = YES_AGGRESSIVE;
				CLANG_CXX_LANGUAGE_STANDARD = "gnu++20";
				CLANG_ENABLE_MODULES = YES;
				CLANG_ENABLE_OBJC_ARC = YES;
				CLANG_ENABLE_OBJC_WEAK = YES;
				CLANG_WARN_BLOCK_CAPTURE_AUTORELEASING = YES;
				CLANG_WARN_BOOL_CONVERSION = YES;
				CLANG_WARN_COMMA = YES;
				CLANG_WARN_CONSTANT_CONVERSION = YES;
				CLANG_WARN_DEPRECATED_OBJC_IMPLEMENTATIONS = YES;
				CLANG_WARN_DIRECT_OBJC_ISA_USAGE = YES_ERROR;
				CLANG_WARN_DOCUMENTATION_COMMENTS = YES;
				CLANG_WARN_EMPTY_BODY = YES;
				CLANG_WARN_ENUM_CONVERSION = YES;
				CLANG_WARN_INFINITE_RECURSION = YES;
				CLANG_WARN_INT_CONVERSION = YES;
				CLANG_WARN_NON_LITERAL_NULL_CONVERSION = YES;
				CLANG_WARN_OBJC_IMPLICIT_RETAIN_SELF = YES;
				CLANG_WARN_OBJC_LITERAL_CONVERSION = YES;
				CLANG_WARN_OBJC_ROOT_CLASS = YES_ERROR;
				CLANG_WARN_QUOTED_INCLUDE_IN_FRAMEWORK_HEADER = YES;
				CLANG_WARN_RANGE_LOOP_ANALYSIS = YES;
				CLANG_WARN_STRICT_PROTOTYPES = YES;
				CLANG_WARN_SUSPICIOUS_MOVE = YES;
				CLANG_WARN_UNGUARDED_AVAILABILITY = YES_AGGRESSIVE;
				CLANG_WARN_UNREACHABLE_CODE = YES;
				CLANG_WARN__DUPLICATE_METHOD_MATCH = YES;
				COPY_PHASE_STRIP = NO;
				DEBUG_INFORMATION_FORMAT = "dwarf-with-dsym";
				DEVELOPMENT_TEAM = P92GSKWU9W;
				ENABLE_NS_ASSERTIONS = NO;
				ENABLE_STRICT_OBJC_MSGSEND = YES;
				ENABLE_USER_SCRIPT_SANDBOXING = YES;
				GCC_C_LANGUAGE_STANDARD = gnu17;
				GCC_NO_COMMON_BLOCKS = YES;
				GCC_WARN_64_TO_32_BIT_CONVERSION = YES;
				GCC_WARN_ABOUT_RETURN_TYPE = YES_ERROR;
				GCC_WARN_UNDECLARED_SELECTOR = YES;
				GCC_WARN_UNINITIALIZED_AUTOS = YES_AGGRESSIVE;
				GCC_WARN_UNUSED_FUNCTION = YES;
				GCC_WARN_UNUSED_VARIABLE = YES;
				LOCALIZATION_PREFERS_STRING_CATALOGS = YES;
				MTL_ENABLE_DEBUG_INFO = NO;
				MTL_FAST_MATH = YES;
				SDKROOT = xros;
				SWIFT_COMPILATION_MODE = wholemodule;
				SWIFT_VERSION = 6.0;
				VALIDATE_PRODUCT = YES;
				XROS_DEPLOYMENT_TARGET = 27.0;
			};
			name = Release;
		};
		26D6737030091E88004D20EF /* Debug configuration for PBXNativeTarget "StoneMill-MVVMCTests" */ = {
			isa = XCBuildConfiguration;
			buildSettings = {
				BUNDLE_LOADER = "$(TEST_HOST)";
				CODE_SIGN_STYLE = Automatic;
				CURRENT_PROJECT_VERSION = 1;
				DEVELOPMENT_TEAM = P92GSKWU9W;
				GENERATE_INFOPLIST_FILE = YES;
				MARKETING_VERSION = 1.0;
				PRODUCT_BUNDLE_IDENTIFIER = "com.StoneMill-MVVMCTests";
				PRODUCT_NAME = "$(TARGET_NAME)";
				STRING_CATALOG_GENERATE_SYMBOLS = NO;
				SUPPORTED_PLATFORMS = "xros xrsimulator";
				SWIFT_APPROACHABLE_CONCURRENCY = YES;
				SWIFT_EMIT_LOC_STRINGS = NO;
				SWIFT_UPCOMING_FEATURE_MEMBER_IMPORT_VISIBILITY = YES;
				SWIFT_VERSION = 6.0;
				TARGETED_DEVICE_FAMILY = 7;
				TEST_HOST = "$(BUILT_PRODUCTS_DIR)/StoneMill-MVVMC.app/$(BUNDLE_EXECUTABLE_FOLDER_PATH)/StoneMill-MVVMC";
				XROS_DEPLOYMENT_TARGET = 27.0;
			};
			name = Debug;
		};
		26D6737130091E88004D20EF /* Release configuration for PBXNativeTarget "StoneMill-MVVMCTests" */ = {
			isa = XCBuildConfiguration;
			buildSettings = {
				BUNDLE_LOADER = "$(TEST_HOST)";
				CODE_SIGN_STYLE = Automatic;
				CURRENT_PROJECT_VERSION = 1;
				DEVELOPMENT_TEAM = P92GSKWU9W;
				GENERATE_INFOPLIST_FILE = YES;
				MARKETING_VERSION = 1.0;
				PRODUCT_BUNDLE_IDENTIFIER = "com.StoneMill-MVVMCTests";
				PRODUCT_NAME = "$(TARGET_NAME)";
				STRING_CATALOG_GENERATE_SYMBOLS = NO;
				SUPPORTED_PLATFORMS = "xros xrsimulator";
				SWIFT_APPROACHABLE_CONCURRENCY = YES;
				SWIFT_EMIT_LOC_STRINGS = NO;
				SWIFT_UPCOMING_FEATURE_MEMBER_IMPORT_VISIBILITY = YES;
				SWIFT_VERSION = 6.0;
				TARGETED_DEVICE_FAMILY = 7;
				TEST_HOST = "$(BUILT_PRODUCTS_DIR)/StoneMill-MVVMC.app/$(BUNDLE_EXECUTABLE_FOLDER_PATH)/StoneMill-MVVMC";
				XROS_DEPLOYMENT_TARGET = 27.0;
			};
			name = Release;
		};
/* End XCBuildConfiguration section */

/* Begin XCConfigurationList section */
		26D6734730091E87004D20EF /* Build configuration list for PBXProject "StoneMill-MVVMC" */ = {
			isa = XCConfigurationList;
			buildConfigurations = (
				26D6736D30091E88004D20EF /* Debug configuration for PBXProject "StoneMill-MVVMC" */,
				26D6736E30091E88004D20EF /* Release configuration for PBXProject "StoneMill-MVVMC" */,
			);
			defaultConfigurationName = Release;
		};
		26D6736A30091E88004D20EF /* Build configuration list for PBXNativeTarget "StoneMill-MVVMC" */ = {
			isa = XCConfigurationList;
			buildConfigurations = (
				26D6736B30091E88004D20EF /* Debug configuration for PBXNativeTarget "StoneMill-MVVMC" */,
				26D6736C30091E88004D20EF /* Release configuration for PBXNativeTarget "StoneMill-MVVMC" */,
			);
			defaultConfigurationName = Release;
		};
		26D6736F30091E88004D20EF /* Build configuration list for PBXNativeTarget "StoneMill-MVVMCTests" */ = {
			isa = XCConfigurationList;
			buildConfigurations = (
				26D6737030091E88004D20EF /* Debug configuration for PBXNativeTarget "StoneMill-MVVMCTests" */,
				26D6737130091E88004D20EF /* Release configuration for PBXNativeTarget "StoneMill-MVVMCTests" */,
			);
			defaultConfigurationName = Release;
		};
/* End XCConfigurationList section */
	};
	rootObject = 26D6734430091E87004D20EF /* Project object */;
	validationLevel = 1;
}
